
Microsoft Visual Studio Solution File, Format Version 12.00
# Visual Studio Version 17
VisualStudioVersion = 17.1.32210.238
MinimumVisualStudioVersion = 10.0.40219.1
Project("{2150E333-8FDC-42A3-9474-1A3956D46DE8}") = "Services", "Services", "{8CFC3EAD-0B21-4391-B9F6-7BFD11402664}"
EndProject
Project("{2150E333-8FDC-42A3-9474-1A3956D46DE8}") = "Catalog", "Catalog", "{F7C25283-5858-4760-A9A3-99C280DF216E}"
EndProject
Project("{FAE04EC0-301F-11D3-BF4B-00C04F79EFBC}") = "Catalog.API", "Services\Catalog\Catalog.API\Catalog.API.csproj", "{54FD0CFA-DE37-494D-986E-92AB9205837A}"
EndProject
Global
	GlobalSection(SolutionConfigurationPlatforms) = preSolution
		Debug|Any CPU = Debug|Any CPU
		Release|Any CPU = Release|Any CPU
	EndGlobalSection
	GlobalSection(ProjectConfigurationPlatforms) = postSolution
		{54FD0CFA-DE37-494D-986E-92AB9205837A}.Debug|Any CPU.ActiveCfg = Debug|Any CPU
		{54FD0CFA-DE37-494D-986E-92AB9205837A}.Debug|Any CPU.Build.0 = Debug|Any CPU
		{54FD0CFA-DE37-494D-986E-92AB9205837A}.Release|Any CPU.ActiveCfg = Release|Any CPU
		{54FD0CFA-DE37-494D-986E-92AB9205837A}.Release|Any CPU.Build.0 = Release|Any CPU
	EndGlobalSection
	GlobalSection(SolutionProperties) = preSolution
		HideSolutionNode = FALSE
	EndGlobalSection
	GlobalSection(NestedProjects) = preSolution
		{F7C25283-5858-4760-A9A3-99C280DF216E} = {8CFC3EAD-0B21-4391-B9F6-7BFD11402664}
		{54FD0CFA-DE37-494D-986E-92AB9205837A} = {F7C25283-5858-4760-A9A3-99C280DF216E}
	EndGlobalSection
	GlobalSection(ExtensibilityGlobals) = postSolution
		SolutionGuid = {7271BA07-8CAA-4166-90F0-486DBCC2F7A6}
	EndGlobalSection
EndGlobal
